{
  "name": "final_pjt_back",
  "lockfileVersion": 3,
  "requires": true,
  "packages": {
    "": {
      "dependencies": {
        "vue3-kakao-maps": "^2.3.10"
      }
    },
    "node_modules/kakao.maps.d.ts": {
      "version": "0.1.40",
      "resolved": "https://registry.npmjs.org/kakao.maps.d.ts/-/kakao.maps.d.ts-0.1.40.tgz",
      "integrity": "sha512-nX69MB1ok04epe3OqS+/tEeWBbU31GSQbvDPJmQRRltzzqn6t4jBsO5v1nzalUjCKzwcH2CptOc767NZ7Hbu3g==",
      "license": "MIT"
    },
    "node_modules/vue3-kakao-maps": {
      "version": "2.3.10",
      "resolved": "https://registry.npmjs.org/vue3-kakao-maps/-/vue3-kakao-maps-2.3.10.tgz",
      "integrity": "sha512-vzzxvdw1ZtyID4clA/LFg++Qf1uTq49ksnL3ejqbp/rB+WVRrulSQ0ja+L929VFehbQY628lJPsp9KwxC6VrNA==",
      "license": "MIT",
      "dependencies": {
        "kakao.maps.d.ts": "^0.1.39"
      }
    }
  }
}
